
Microsoft Visual Studio Solution File, Format Version 12.00
# Visual Studio 15
VisualStudioVersion = 15.0.27428.2011
MinimumVisualStudioVersion = 10.0.40219.1
Project("{8BC9CEB8-8B4A-11D0-8D11-00A0C91BC942}") = "Project2", "Project2\Project2.vcxproj", "{7F0C7053-1DB2-4382-B841-C4EA1FC9A748}"
EndProject
Global
	GlobalSection(SolutionConfigurationPlatforms) = preSolution
		Debug|x64 = Debug|x64
		Debug|x86 = Debug|x86
		Release|x64 = Release|x64
		Release|x86 = Release|x86
	EndGlobalSection
	GlobalSection(ProjectConfigurationPlatforms) = postSolution
		{7F0C7053-1DB2-4382-B841-C4EA1FC9A748}.Debug|x64.ActiveCfg = Debug|x64
		{7F0C7053-1DB2-4382-B841-C4EA1FC9A748}.Debug|x64.Build.0 = Debug|x64
		{7F0C7053-1DB2-4382-B841-C4EA1FC9A748}.Debug|x86.ActiveCfg = Debug|Win32
		{7F0C7053-1DB2-4382-B841-C4EA1FC9A748}.Debug|x86.Build.0 = Debug|Win32
		{7F0C7053-1DB2-4382-B841-C4EA1FC9A748}.Release|x64.ActiveCfg = Release|x64
		{7F0C7053-1DB2-4382-B841-C4EA1FC9A748}.Release|x64.Build.0 = Release|x64
		{7F0C7053-1DB2-4382-B841-C4EA1FC9A748}.Release|x86.ActiveCfg = Release|Win32
		{7F0C7053-1DB2-4382-B841-C4EA1FC9A748}.Release|x86.Build.0 = Release|Win32
	EndGlobalSection
	GlobalSection(SolutionProperties) = preSolution
		HideSolutionNode = FALSE
	EndGlobalSection
	GlobalSection(ExtensibilityGlobals) = postSolution
		SolutionGuid = {A9BC7529-FD8E-4167-86DD-F2F9061F1794}
	EndGlobalSection
EndGlobal
